
Microsoft Visual Studio Solution File, Format Version 12.00
# Visual Studio 15
VisualStudioVersion = 15.0.26124.0
MinimumVisualStudioVersion = 15.0.26124.0
Project("{2150E333-8FDC-42A3-9474-1A3956D46DE8}") = "test", "test", "{CE77E2D5-38B8-4DFA-B3F1-AF54C7EB62E6}"
EndProject
Project("{FAE04EC0-301F-11D3-BF4B-00C04F79EFBC}") = "AM.Condo.MultipleTargets.Test", "test\AM.Condo.MultipleTargets.Test\AM.Condo.MultipleTargets.Test.csproj", "{6DAF8E8D-64E3-4936-8574-88D4BE279E20}"
EndProject
Project("{FAE04EC0-301F-11D3-BF4B-00C04F79EFBC}") = "AM.Condo.E2E.Test", "test\AM.Condo.E2E.Test\AM.Condo.E2E.Test.csproj", "{FEB58D29-2920-4C7B-B66A-C25A18602E06}"
EndProject
Project("{FAE04EC0-301F-11D3-BF4B-00C04F79EFBC}") = "AM.Condo.LegacyNetCore.Test", "test\AM.Condo.LegacyNetCore.Test\AM.Condo.LegacyNetCore.Test.csproj", "{5648A181-C349-4CED-AE39-255800D53A63}"
EndProject
Project("{FAE04EC0-301F-11D3-BF4B-00C04F79EFBC}") = "AM.Condo.IO.Test", "test\AM.Condo.IO.Test\AM.Condo.IO.Test.csproj", "{70E46B49-CD89-4162-8947-729A3E376C4C}"
EndProject
Project("{FAE04EC0-301F-11D3-BF4B-00C04F79EFBC}") = "AM.Condo.LegacyNet.Test", "test\AM.Condo.LegacyNet.Test\AM.Condo.LegacyNet.Test.csproj", "{306688CF-1CA6-41F8-84D2-C016C0A2D08E}"
EndProject
Project("{FAE04EC0-301F-11D3-BF4B-00C04F79EFBC}") = "AM.Condo.Test", "test\AM.Condo.Test\AM.Condo.Test.csproj", "{153F2663-D79C-49B7-9040-B184F8165F7D}"
EndProject
Project("{2150E333-8FDC-42A3-9474-1A3956D46DE8}") = "src", "src", "{415FBC13-941E-4888-865F-E6BD8457B5D1}"
EndProject
Project("{FAE04EC0-301F-11D3-BF4B-00C04F79EFBC}") = "AM.Condo.Xunit", "src\AM.Condo.Xunit\AM.Condo.Xunit.csproj", "{11492BBB-6E74-42BE-BC5B-FEACD776C7DB}"
EndProject
Project("{FAE04EC0-301F-11D3-BF4B-00C04F79EFBC}") = "AM.Condo", "src\AM.Condo\AM.Condo.csproj", "{4D28E0C0-EF79-4538-BA31-5B8E195F9DBA}"
EndProject
Project("{FAE04EC0-301F-11D3-BF4B-00C04F79EFBC}") = "AM.Condo.ChangeLog", "src\AM.Condo.ChangeLog\AM.Condo.ChangeLog.csproj", "{BAF2EC3A-27A3-41B5-9A46-D1790F2D8866}"
EndProject
Project("{FAE04EC0-301F-11D3-BF4B-00C04F79EFBC}") = "AM.Condo.Abstractions", "src\AM.Condo.Abstractions\AM.Condo.Abstractions.csproj", "{783B7B00-8CD2-4C45-AB18-DE03E422CC12}"
EndProject
Project("{FAE04EC0-301F-11D3-BF4B-00C04F79EFBC}") = "AM.Condo.IO", "src\AM.Condo.IO\AM.Condo.IO.csproj", "{36952182-D941-446C-97F3-9CEA13C09493}"
EndProject
Project("{FAE04EC0-301F-11D3-BF4B-00C04F79EFBC}") = "AM.Condo.CommandLine", "src\AM.Condo.CommandLine\AM.Condo.CommandLine.csproj", "{08DE3A84-67DF-43C9-AF43-2D88EBE75BFE}"
EndProject
Global
	GlobalSection(SolutionConfigurationPlatforms) = preSolution
		Debug|Any CPU = Debug|Any CPU
		Debug|x64 = Debug|x64
		Debug|x86 = Debug|x86
		Release|Any CPU = Release|Any CPU
		Release|x64 = Release|x64
		Release|x86 = Release|x86
	EndGlobalSection
	GlobalSection(SolutionProperties) = preSolution
		HideSolutionNode = FALSE
	EndGlobalSection
	GlobalSection(ProjectConfigurationPlatforms) = postSolution
		{6DAF8E8D-64E3-4936-8574-88D4BE279E20}.Debug|Any CPU.ActiveCfg = Debug|Any CPU
		{6DAF8E8D-64E3-4936-8574-88D4BE279E20}.Debug|Any CPU.Build.0 = Debug|Any CPU
		{6DAF8E8D-64E3-4936-8574-88D4BE279E20}.Debug|x64.ActiveCfg = Debug|x64
		{6DAF8E8D-64E3-4936-8574-88D4BE279E20}.Debug|x64.Build.0 = Debug|x64
		{6DAF8E8D-64E3-4936-8574-88D4BE279E20}.Debug|x86.ActiveCfg = Debug|x86
		{6DAF8E8D-64E3-4936-8574-88D4BE279E20}.Debug|x86.Build.0 = Debug|x86
		{6DAF8E8D-64E3-4936-8574-88D4BE279E20}.Release|Any CPU.ActiveCfg = Release|Any CPU
		{6DAF8E8D-64E3-4936-8574-88D4BE279E20}.Release|Any CPU.Build.0 = Release|Any CPU
		{6DAF8E8D-64E3-4936-8574-88D4BE279E20}.Release|x64.ActiveCfg = Release|x64
		{6DAF8E8D-64E3-4936-8574-88D4BE279E20}.Release|x64.Build.0 = Release|x64
		{6DAF8E8D-64E3-4936-8574-88D4BE279E20}.Release|x86.ActiveCfg = Release|x86
		{6DAF8E8D-64E3-4936-8574-88D4BE279E20}.Release|x86.Build.0 = Release|x86
		{FEB58D29-2920-4C7B-B66A-C25A18602E06}.Debug|Any CPU.ActiveCfg = Debug|Any CPU
		{FEB58D29-2920-4C7B-B66A-C25A18602E06}.Debug|Any CPU.Build.0 = Debug|Any CPU
		{FEB58D29-2920-4C7B-B66A-C25A18602E06}.Debug|x64.ActiveCfg = Debug|x64
		{FEB58D29-2920-4C7B-B66A-C25A18602E06}.Debug|x64.Build.0 = Debug|x64
		{FEB58D29-2920-4C7B-B66A-C25A18602E06}.Debug|x86.ActiveCfg = Debug|x86
		{FEB58D29-2920-4C7B-B66A-C25A18602E06}.Debug|x86.Build.0 = Debug|x86
		{FEB58D29-2920-4C7B-B66A-C25A18602E06}.Release|Any CPU.ActiveCfg = Release|Any CPU
		{FEB58D29-2920-4C7B-B66A-C25A18602E06}.Release|Any CPU.Build.0 = Release|Any CPU
		{FEB58D29-2920-4C7B-B66A-C25A18602E06}.Release|x64.ActiveCfg = Release|x64
		{FEB58D29-2920-4C7B-B66A-C25A18602E06}.Release|x64.Build.0 = Release|x64
		{FEB58D29-2920-4C7B-B66A-C25A18602E06}.Release|x86.ActiveCfg = Release|x86
		{FEB58D29-2920-4C7B-B66A-C25A18602E06}.Release|x86.Build.0 = Release|x86
		{5648A181-C349-4CED-AE39-255800D53A63}.Debug|Any CPU.ActiveCfg = Debug|Any CPU
		{5648A181-C349-4CED-AE39-255800D53A63}.Debug|Any CPU.Build.0 = Debug|Any CPU
		{5648A181-C349-4CED-AE39-255800D53A63}.Debug|x64.ActiveCfg = Debug|x64
		{5648A181-C349-4CED-AE39-255800D53A63}.Debug|x64.Build.0 = Debug|x64
		{5648A181-C349-4CED-AE39-255800D53A63}.Debug|x86.ActiveCfg = Debug|x86
		{5648A181-C349-4CED-AE39-255800D53A63}.Debug|x86.Build.0 = Debug|x86
		{5648A181-C349-4CED-AE39-255800D53A63}.Release|Any CPU.ActiveCfg = Release|Any CPU
		{5648A181-C349-4CED-AE39-255800D53A63}.Release|Any CPU.Build.0 = Release|Any CPU
		{5648A181-C349-4CED-AE39-255800D53A63}.Release|x64.ActiveCfg = Release|x64
		{5648A181-C349-4CED-AE39-255800D53A63}.Release|x64.Build.0 = Release|x64
		{5648A181-C349-4CED-AE39-255800D53A63}.Release|x86.ActiveCfg = Release|x86
		{5648A181-C349-4CED-AE39-255800D53A63}.Release|x86.Build.0 = Release|x86
		{70E46B49-CD89-4162-8947-729A3E376C4C}.Debug|Any CPU.ActiveCfg = Debug|Any CPU
		{70E46B49-CD89-4162-8947-729A3E376C4C}.Debug|Any CPU.Build.0 = Debug|Any CPU
		{70E46B49-CD89-4162-8947-729A3E376C4C}.Debug|x64.ActiveCfg = Debug|x64
		{70E46B49-CD89-4162-8947-729A3E376C4C}.Debug|x64.Build.0 = Debug|x64
		{70E46B49-CD89-4162-8947-729A3E376C4C}.Debug|x86.ActiveCfg = Debug|x86
		{70E46B49-CD89-4162-8947-729A3E376C4C}.Debug|x86.Build.0 = Debug|x86
		{70E46B49-CD89-4162-8947-729A3E376C4C}.Release|Any CPU.ActiveCfg = Release|Any CPU
		{70E46B49-CD89-4162-8947-729A3E376C4C}.Release|Any CPU.Build.0 = Release|Any CPU
		{70E46B49-CD89-4162-8947-729A3E376C4C}.Release|x64.ActiveCfg = Release|x64
		{70E46B49-CD89-4162-8947-729A3E376C4C}.Release|x64.Build.0 = Release|x64
		{70E46B49-CD89-4162-8947-729A3E376C4C}.Release|x86.ActiveCfg = Release|x86
		{70E46B49-CD89-4162-8947-729A3E376C4C}.Release|x86.Build.0 = Release|x86
		{306688CF-1CA6-41F8-84D2-C016C0A2D08E}.Debug|Any CPU.ActiveCfg = Debug|Any CPU
		{306688CF-1CA6-41F8-84D2-C016C0A2D08E}.Debug|Any CPU.Build.0 = Debug|Any CPU
		{306688CF-1CA6-41F8-84D2-C016C0A2D08E}.Debug|x64.ActiveCfg = Debug|x64
		{306688CF-1CA6-41F8-84D2-C016C0A2D08E}.Debug|x64.Build.0 = Debug|x64
		{306688CF-1CA6-41F8-84D2-C016C0A2D08E}.Debug|x86.ActiveCfg = Debug|x86
		{306688CF-1CA6-41F8-84D2-C016C0A2D08E}.Debug|x86.Build.0 = Debug|x86
		{306688CF-1CA6-41F8-84D2-C016C0A2D08E}.Release|Any CPU.ActiveCfg = Release|Any CPU
		{306688CF-1CA6-41F8-84D2-C016C0A2D08E}.Release|Any CPU.Build.0 = Release|Any CPU
		{306688CF-1CA6-41F8-84D2-C016C0A2D08E}.Release|x64.ActiveCfg = Release|x64
		{306688CF-1CA6-41F8-84D2-C016C0A2D08E}.Release|x64.Build.0 = Release|x64
		{306688CF-1CA6-41F8-84D2-C016C0A2D08E}.Release|x86.ActiveCfg = Release|x86
		{306688CF-1CA6-41F8-84D2-C016C0A2D08E}.Release|x86.Build.0 = Release|x86
		{153F2663-D79C-49B7-9040-B184F8165F7D}.Debug|Any CPU.ActiveCfg = Debug|Any CPU
		{153F2663-D79C-49B7-9040-B184F8165F7D}.Debug|Any CPU.Build.0 = Debug|Any CPU
		{153F2663-D79C-49B7-9040-B184F8165F7D}.Debug|x64.ActiveCfg = Debug|x64
		{153F2663-D79C-49B7-9040-B184F8165F7D}.Debug|x64.Build.0 = Debug|x64
		{153F2663-D79C-49B7-9040-B184F8165F7D}.Debug|x86.ActiveCfg = Debug|x86
		{153F2663-D79C-49B7-9040-B184F8165F7D}.Debug|x86.Build.0 = Debug|x86
		{153F2663-D79C-49B7-9040-B184F8165F7D}.Release|Any CPU.ActiveCfg = Release|Any CPU
		{153F2663-D79C-49B7-9040-B184F8165F7D}.Release|Any CPU.Build.0 = Release|Any CPU
		{153F2663-D79C-49B7-9040-B184F8165F7D}.Release|x64.ActiveCfg = Release|x64
		{153F2663-D79C-49B7-9040-B184F8165F7D}.Release|x64.Build.0 = Release|x64
		{153F2663-D79C-49B7-9040-B184F8165F7D}.Release|x86.ActiveCfg = Release|x86
		{153F2663-D79C-49B7-9040-B184F8165F7D}.Release|x86.Build.0 = Release|x86
		{11492BBB-6E74-42BE-BC5B-FEACD776C7DB}.Debug|Any CPU.ActiveCfg = Debug|Any CPU
		{11492BBB-6E74-42BE-BC5B-FEACD776C7DB}.Debug|Any CPU.Build.0 = Debug|Any CPU
		{11492BBB-6E74-42BE-BC5B-FEACD776C7DB}.Debug|x64.ActiveCfg = Debug|x64
		{11492BBB-6E74-42BE-BC5B-FEACD776C7DB}.Debug|x64.Build.0 = Debug|x64
		{11492BBB-6E74-42BE-BC5B-FEACD776C7DB}.Debug|x86.ActiveCfg = Debug|x86
		{11492BBB-6E74-42BE-BC5B-FEACD776C7DB}.Debug|x86.Build.0 = Debug|x86
		{11492BBB-6E74-42BE-BC5B-FEACD776C7DB}.Release|Any CPU.ActiveCfg = Release|Any CPU
		{11492BBB-6E74-42BE-BC5B-FEACD776C7DB}.Release|Any CPU.Build.0 = Release|Any CPU
		{11492BBB-6E74-42BE-BC5B-FEACD776C7DB}.Release|x64.ActiveCfg = Release|x64
		{11492BBB-6E74-42BE-BC5B-FEACD776C7DB}.Release|x64.Build.0 = Release|x64
		{11492BBB-6E74-42BE-BC5B-FEACD776C7DB}.Release|x86.ActiveCfg = Release|x86
		{11492BBB-6E74-42BE-BC5B-FEACD776C7DB}.Release|x86.Build.0 = Release|x86
		{4D28E0C0-EF79-4538-BA31-5B8E195F9DBA}.Debug|Any CPU.ActiveCfg = Debug|Any CPU
		{4D28E0C0-EF79-4538-BA31-5B8E195F9DBA}.Debug|Any CPU.Build.0 = Debug|Any CPU
		{4D28E0C0-EF79-4538-BA31-5B8E195F9DBA}.Debug|x64.ActiveCfg = Debug|x64
		{4D28E0C0-EF79-4538-BA31-5B8E195F9DBA}.Debug|x64.Build.0 = Debug|x64
		{4D28E0C0-EF79-4538-BA31-5B8E195F9DBA}.Debug|x86.ActiveCfg = Debug|x86
		{4D28E0C0-EF79-4538-BA31-5B8E195F9DBA}.Debug|x86.Build.0 = Debug|x86
		{4D28E0C0-EF79-4538-BA31-5B8E195F9DBA}.Release|Any CPU.ActiveCfg = Release|Any CPU
		{4D28E0C0-EF79-4538-BA31-5B8E195F9DBA}.Release|Any CPU.Build.0 = Release|Any CPU
		{4D28E0C0-EF79-4538-BA31-5B8E195F9DBA}.Release|x64.ActiveCfg = Release|x64
		{4D28E0C0-EF79-4538-BA31-5B8E195F9DBA}.Release|x64.Build.0 = Release|x64
		{4D28E0C0-EF79-4538-BA31-5B8E195F9DBA}.Release|x86.ActiveCfg = Release|x86
		{4D28E0C0-EF79-4538-BA31-5B8E195F9DBA}.Release|x86.Build.0 = Release|x86
		{BAF2EC3A-27A3-41B5-9A46-D1790F2D8866}.Debug|Any CPU.ActiveCfg = Debug|Any CPU
		{BAF2EC3A-27A3-41B5-9A46-D1790F2D8866}.Debug|Any CPU.Build.0 = Debug|Any CPU
		{BAF2EC3A-27A3-41B5-9A46-D1790F2D8866}.Debug|x64.ActiveCfg = Debug|x64
		{BAF2EC3A-27A3-41B5-9A46-D1790F2D8866}.Debug|x64.Build.0 = Debug|x64
		{BAF2EC3A-27A3-41B5-9A46-D1790F2D8866}.Debug|x86.ActiveCfg = Debug|x86
		{BAF2EC3A-27A3-41B5-9A46-D1790F2D8866}.Debug|x86.Build.0 = Debug|x86
		{BAF2EC3A-27A3-41B5-9A46-D1790F2D8866}.Release|Any CPU.ActiveCfg = Release|Any CPU
		{BAF2EC3A-27A3-41B5-9A46-D1790F2D8866}.Release|Any CPU.Build.0 = Release|Any CPU
		{BAF2EC3A-27A3-41B5-9A46-D1790F2D8866}.Release|x64.ActiveCfg = Release|x64
		{BAF2EC3A-27A3-41B5-9A46-D1790F2D8866}.Release|x64.Build.0 = Release|x64
		{BAF2EC3A-27A3-41B5-9A46-D1790F2D8866}.Release|x86.ActiveCfg = Release|x86
		{BAF2EC3A-27A3-41B5-9A46-D1790F2D8866}.Release|x86.Build.0 = Release|x86
		{783B7B00-8CD2-4C45-AB18-DE03E422CC12}.Debug|Any CPU.ActiveCfg = Debug|Any CPU
		{783B7B00-8CD2-4C45-AB18-DE03E422CC12}.Debug|Any CPU.Build.0 = Debug|Any CPU
		{783B7B00-8CD2-4C45-AB18-DE03E422CC12}.Debug|x64.ActiveCfg = Debug|x64
		{783B7B00-8CD2-4C45-AB18-DE03E422CC12}.Debug|x64.Build.0 = Debug|x64
		{783B7B00-8CD2-4C45-AB18-DE03E422CC12}.Debug|x86.ActiveCfg = Debug|x86
		{783B7B00-8CD2-4C45-AB18-DE03E422CC12}.Debug|x86.Build.0 = Debug|x86
		{783B7B00-8CD2-4C45-AB18-DE03E422CC12}.Release|Any CPU.ActiveCfg = Release|Any CPU
		{783B7B00-8CD2-4C45-AB18-DE03E422CC12}.Release|Any CPU.Build.0 = Release|Any CPU
		{783B7B00-8CD2-4C45-AB18-DE03E422CC12}.Release|x64.ActiveCfg = Release|x64
		{783B7B00-8CD2-4C45-AB18-DE03E422CC12}.Release|x64.Build.0 = Release|x64
		{783B7B00-8CD2-4C45-AB18-DE03E422CC12}.Release|x86.ActiveCfg = Release|x86
		{783B7B00-8CD2-4C45-AB18-DE03E422CC12}.Release|x86.Build.0 = Release|x86
		{36952182-D941-446C-97F3-9CEA13C09493}.Debug|Any CPU.ActiveCfg = Debug|Any CPU
		{36952182-D941-446C-97F3-9CEA13C09493}.Debug|Any CPU.Build.0 = Debug|Any CPU
		{36952182-D941-446C-97F3-9CEA13C09493}.Debug|x64.ActiveCfg = Debug|x64
		{36952182-D941-446C-97F3-9CEA13C09493}.Debug|x64.Build.0 = Debug|x64
		{36952182-D941-446C-97F3-9CEA13C09493}.Debug|x86.ActiveCfg = Debug|x86
		{36952182-D941-446C-97F3-9CEA13C09493}.Debug|x86.Build.0 = Debug|x86
		{36952182-D941-446C-97F3-9CEA13C09493}.Release|Any CPU.ActiveCfg = Release|Any CPU
		{36952182-D941-446C-97F3-9CEA13C09493}.Release|Any CPU.Build.0 = Release|Any CPU
		{36952182-D941-446C-97F3-9CEA13C09493}.Release|x64.ActiveCfg = Release|x64
		{36952182-D941-446C-97F3-9CEA13C09493}.Release|x64.Build.0 = Release|x64
		{36952182-D941-446C-97F3-9CEA13C09493}.Release|x86.ActiveCfg = Release|x86
		{36952182-D941-446C-97F3-9CEA13C09493}.Release|x86.Build.0 = Release|x86
		{08DE3A84-67DF-43C9-AF43-2D88EBE75BFE}.Debug|Any CPU.ActiveCfg = Debug|Any CPU
		{08DE3A84-67DF-43C9-AF43-2D88EBE75BFE}.Debug|Any CPU.Build.0 = Debug|Any CPU
		{08DE3A84-67DF-43C9-AF43-2D88EBE75BFE}.Debug|x64.ActiveCfg = Debug|x64
		{08DE3A84-67DF-43C9-AF43-2D88EBE75BFE}.Debug|x64.Build.0 = Debug|x64
		{08DE3A84-67DF-43C9-AF43-2D88EBE75BFE}.Debug|x86.ActiveCfg = Debug|x86
		{08DE3A84-67DF-43C9-AF43-2D88EBE75BFE}.Debug|x86.Build.0 = Debug|x86
		{08DE3A84-67DF-43C9-AF43-2D88EBE75BFE}.Release|Any CPU.ActiveCfg = Release|Any CPU
		{08DE3A84-67DF-43C9-AF43-2D88EBE75BFE}.Release|Any CPU.Build.0 = Release|Any CPU
		{08DE3A84-67DF-43C9-AF43-2D88EBE75BFE}.Release|x64.ActiveCfg = Release|x64
		{08DE3A84-67DF-43C9-AF43-2D88EBE75BFE}.Release|x64.Build.0 = Release|x64
		{08DE3A84-67DF-43C9-AF43-2D88EBE75BFE}.Release|x86.ActiveCfg = Release|x86
		{08DE3A84-67DF-43C9-AF43-2D88EBE75BFE}.Release|x86.Build.0 = Release|x86
	EndGlobalSection
	GlobalSection(NestedProjects) = preSolution
		{6DAF8E8D-64E3-4936-8574-88D4BE279E20} = {CE77E2D5-38B8-4DFA-B3F1-AF54C7EB62E6}
		{FEB58D29-2920-4C7B-B66A-C25A18602E06} = {CE77E2D5-38B8-4DFA-B3F1-AF54C7EB62E6}
		{5648A181-C349-4CED-AE39-255800D53A63} = {CE77E2D5-38B8-4DFA-B3F1-AF54C7EB62E6}
		{70E46B49-CD89-4162-8947-729A3E376C4C} = {CE77E2D5-38B8-4DFA-B3F1-AF54C7EB62E6}
		{306688CF-1CA6-41F8-84D2-C016C0A2D08E} = {CE77E2D5-38B8-4DFA-B3F1-AF54C7EB62E6}
		{153F2663-D79C-49B7-9040-B184F8165F7D} = {CE77E2D5-38B8-4DFA-B3F1-AF54C7EB62E6}
		{11492BBB-6E74-42BE-BC5B-FEACD776C7DB} = {415FBC13-941E-4888-865F-E6BD8457B5D1}
		{4D28E0C0-EF79-4538-BA31-5B8E195F9DBA} = {415FBC13-941E-4888-865F-E6BD8457B5D1}
		{BAF2EC3A-27A3-41B5-9A46-D1790F2D8866} = {415FBC13-941E-4888-865F-E6BD8457B5D1}
		{783B7B00-8CD2-4C45-AB18-DE03E422CC12} = {415FBC13-941E-4888-865F-E6BD8457B5D1}
		{36952182-D941-446C-97F3-9CEA13C09493} = {415FBC13-941E-4888-865F-E6BD8457B5D1}
		{08DE3A84-67DF-43C9-AF43-2D88EBE75BFE} = {415FBC13-941E-4888-865F-E6BD8457B5D1}
	EndGlobalSection
EndGlobal
